
Microsoft Visual Studio Solution File, Format Version 12.00
# Visual Studio 14
VisualStudioVersion = 14.0.25123.0
MinimumVisualStudioVersion = 10.0.40219.1
Project("{8BC9CEB8-8B4A-11D0-8D11-00A0C91BC942}") = "infoware", "infoware.vcxproj", "{6E07BE0F-EBDB-4AEA-A642-AE68B7C53788}"
EndProject
Project("{8BC9CEB8-8B4A-11D0-8D11-00A0C91BC942}") = "generator", "generator.vcxproj", "{D9342D62-9342-43E8-9F82-81C9978C2860}"
EndProject
Project("{8BC9CEB8-8B4A-11D0-8D11-00A0C91BC942}") = "examples", "examples.vcxproj", "{D6CE92E4-67C9-45A5-BFF4-1DFD34C8F8E0}"
EndProject
Global
	GlobalSection(SolutionConfigurationPlatforms) = preSolution
		Debug DLL|x64 = Debug DLL|x64
		Debug DLL|x86 = Debug DLL|x86
		Debug|x64 = Debug|x64
		Debug|x86 = Debug|x86
		Release DLL|x64 = Release DLL|x64
		Release DLL|x86 = Release DLL|x86
		Release|x64 = Release|x64
		Release|x86 = Release|x86
	EndGlobalSection
	GlobalSection(ProjectConfigurationPlatforms) = postSolution
		{6E07BE0F-EBDB-4AEA-A642-AE68B7C53788}.Debug DLL|x64.ActiveCfg = Debug DLL|x64
		{6E07BE0F-EBDB-4AEA-A642-AE68B7C53788}.Debug DLL|x64.Build.0 = Debug DLL|x64
		{6E07BE0F-EBDB-4AEA-A642-AE68B7C53788}.Debug DLL|x86.ActiveCfg = Debug DLL|Win32
		{6E07BE0F-EBDB-4AEA-A642-AE68B7C53788}.Debug DLL|x86.Build.0 = Debug DLL|Win32
		{6E07BE0F-EBDB-4AEA-A642-AE68B7C53788}.Debug|x64.ActiveCfg = Debug|x64
		{6E07BE0F-EBDB-4AEA-A642-AE68B7C53788}.Debug|x64.Build.0 = Debug|x64
		{6E07BE0F-EBDB-4AEA-A642-AE68B7C53788}.Debug|x86.ActiveCfg = Debug|Win32
		{6E07BE0F-EBDB-4AEA-A642-AE68B7C53788}.Debug|x86.Build.0 = Debug|Win32
		{6E07BE0F-EBDB-4AEA-A642-AE68B7C53788}.Release DLL|x64.ActiveCfg = Release DLL|x64
		{6E07BE0F-EBDB-4AEA-A642-AE68B7C53788}.Release DLL|x64.Build.0 = Release DLL|x64
		{6E07BE0F-EBDB-4AEA-A642-AE68B7C53788}.Release DLL|x86.ActiveCfg = Release DLL|Win32
		{6E07BE0F-EBDB-4AEA-A642-AE68B7C53788}.Release DLL|x86.Build.0 = Release DLL|Win32
		{6E07BE0F-EBDB-4AEA-A642-AE68B7C53788}.Release|x64.ActiveCfg = Release|x64
		{6E07BE0F-EBDB-4AEA-A642-AE68B7C53788}.Release|x64.Build.0 = Release|x64
		{6E07BE0F-EBDB-4AEA-A642-AE68B7C53788}.Release|x86.ActiveCfg = Release|Win32
		{6E07BE0F-EBDB-4AEA-A642-AE68B7C53788}.Release|x86.Build.0 = Release|Win32
		{D9342D62-9342-43E8-9F82-81C9978C2860}.Debug DLL|x64.ActiveCfg = Debug|x64
		{D9342D62-9342-43E8-9F82-81C9978C2860}.Debug DLL|x64.Build.0 = Debug|x64
		{D9342D62-9342-43E8-9F82-81C9978C2860}.Debug DLL|x86.ActiveCfg = Debug|Win32
		{D9342D62-9342-43E8-9F82-81C9978C2860}.Debug DLL|x86.Build.0 = Debug|Win32
		{D9342D62-9342-43E8-9F82-81C9978C2860}.Debug|x64.ActiveCfg = Debug|x64
		{D9342D62-9342-43E8-9F82-81C9978C2860}.Debug|x64.Build.0 = Debug|x64
		{D9342D62-9342-43E8-9F82-81C9978C2860}.Debug|x86.ActiveCfg = Debug|Win32
		{D9342D62-9342-43E8-9F82-81C9978C2860}.Debug|x86.Build.0 = Debug|Win32
		{D9342D62-9342-43E8-9F82-81C9978C2860}.Release DLL|x64.ActiveCfg = Release|x64
		{D9342D62-9342-43E8-9F82-81C9978C2860}.Release DLL|x64.Build.0 = Release|x64
		{D9342D62-9342-43E8-9F82-81C9978C2860}.Release DLL|x86.ActiveCfg = Release|Win32
		{D9342D62-9342-43E8-9F82-81C9978C2860}.Release DLL|x86.Build.0 = Release|Win32
		{D9342D62-9342-43E8-9F82-81C9978C2860}.Release|x64.ActiveCfg = Release|x64
		{D9342D62-9342-43E8-9F82-81C9978C2860}.Release|x64.Build.0 = Release|x64
		{D9342D62-9342-43E8-9F82-81C9978C2860}.Release|x86.ActiveCfg = Release|Win32
		{D9342D62-9342-43E8-9F82-81C9978C2860}.Release|x86.Build.0 = Release|Win32
		{D6CE92E4-67C9-45A5-BFF4-1DFD34C8F8E0}.Debug DLL|x64.ActiveCfg = Debug|x64
		{D6CE92E4-67C9-45A5-BFF4-1DFD34C8F8E0}.Debug DLL|x64.Build.0 = Debug|x64
		{D6CE92E4-67C9-45A5-BFF4-1DFD34C8F8E0}.Debug DLL|x86.ActiveCfg = Debug|Win32
		{D6CE92E4-67C9-45A5-BFF4-1DFD34C8F8E0}.Debug DLL|x86.Build.0 = Debug|Win32
		{D6CE92E4-67C9-45A5-BFF4-1DFD34C8F8E0}.Debug|x64.ActiveCfg = Debug|x64
		{D6CE92E4-67C9-45A5-BFF4-1DFD34C8F8E0}.Debug|x64.Build.0 = Debug|x64
		{D6CE92E4-67C9-45A5-BFF4-1DFD34C8F8E0}.Debug|x86.ActiveCfg = Debug|Win32
		{D6CE92E4-67C9-45A5-BFF4-1DFD34C8F8E0}.Debug|x86.Build.0 = Debug|Win32
		{D6CE92E4-67C9-45A5-BFF4-1DFD34C8F8E0}.Release DLL|x64.ActiveCfg = Release|x64
		{D6CE92E4-67C9-45A5-BFF4-1DFD34C8F8E0}.Release DLL|x64.Build.0 = Release|x64
		{D6CE92E4-67C9-45A5-BFF4-1DFD34C8F8E0}.Release DLL|x86.ActiveCfg = Release|Win32
		{D6CE92E4-67C9-45A5-BFF4-1DFD34C8F8E0}.Release DLL|x86.Build.0 = Release|Win32
		{D6CE92E4-67C9-45A5-BFF4-1DFD34C8F8E0}.Release|x64.ActiveCfg = Release|x64
		{D6CE92E4-67C9-45A5-BFF4-1DFD34C8F8E0}.Release|x64.Build.0 = Release|x64
		{D6CE92E4-67C9-45A5-BFF4-1DFD34C8F8E0}.Release|x86.ActiveCfg = Release|Win32
		{D6CE92E4-67C9-45A5-BFF4-1DFD34C8F8E0}.Release|x86.Build.0 = Release|Win32
	EndGlobalSection
	GlobalSection(SolutionProperties) = preSolution
		HideSolutionNode = FALSE
	EndGlobalSection
EndGlobal
